PODS:
  - AFNetworking (3.1.0):
    - AFNetworking/NSURLSession (= 3.1.0)
    - AFNetworking/Reachability (= 3.1.0)
    - AFNetworking/Security (= 3.1.0)
    - AFNetworking/Serialization (= 3.1.0)
    - AFNetworking/UIKit (= 3.1.0)
  - AFNetworking/NSURLSession (3.1.0):
    - AFNetworking/Reachability
    - AFNetworking/Security
    - AFNetworking/Serialization
  - AFNetworking/Reachability (3.1.0)
  - AFNetworking/Security (3.1.0)
  - AFNetworking/Serialization (3.1.0)
  - AFNetworking/UIKit (3.1.0):
    - AFNetworking/NSURLSession
  - AliyunOSSiOS (2.4.1)
  - FreeStreamer (3.5.6):
    - Reachability (~> 3.0)
  - FXBlurView (1.6.4)
  - Masonry (1.0.0)
  - MBProgressHUD (0.9.2)
  - MJExtension (3.0.10)
  - MJRefresh (3.1.0)
  - Reachability (3.2)
  - RongCloudIMKit (2.5.1)
  - SDWebImage (3.7.6):
    - SDWebImage/Core (= 3.7.6)
  - SDWebImage/Core (3.7.6)

DEPENDENCIES:
  - AFNetworking
  - AliyunOSSiOS
  - FreeStreamer
  - FXBlurView
  - Masonry
  - MBProgressHUD
  - MJExtension
  - MJRefresh
  - RongCloudIMKit
  - SDWebImage

SPEC CHECKSUMS:
  AFNetworking: 5e0e199f73d8626b11e79750991f5d173d1f8b67
  AliyunOSSiOS: 1171c8c064b14c451ff54402178a1acab3aba8b3
  FreeStreamer: 4907b628e65b1a95a5beb66737a9bef01a683929
  FXBlurView: db786c2561cb49a09ae98407f52460096ab8a44f
  Masonry: b529bb169217897b6354d4b56b1fada6d475b13d
  MBProgressHUD: 1569cf7ace17a8bac47aabfbb8580a49690386d1
  MJExtension: d86aacb740c87519d20e3cca55b6fa4be6cc7548
  MJRefresh: 743e6404967d1c2c688472ea3ecfde247d872db4
  Reachability: 33e18b67625424e47b6cde6d202dce689ad7af96
  RongCloudIMKit: d7b234005ed139f03081ca87d48ad9a8ee7dd766
  SDWebImage: c325cf02c30337336b95beff20a13df489ec0ec9

COCOAPODS: 0.39.0
